
Microsoft Visual Studio Solution File, Format Version 12.00
# Visual Studio Version 16
VisualStudioVersion = 16.0.31702.278
MinimumVisualStudioVersion = 10.0.40219.1
Project("{9A19103F-16F7-4668-BE54-9A1E7A4F7556}") = "back-end", "back-end\back-end.csproj", "{EE55AAD4-FDEA-4315-B768-E7B544BD02D5}"
EndProject
Global
	GlobalSection(SolutionConfigurationPlatforms) = preSolution
		Debug|Any CPU = Debug|Any CPU
		Debug|x64 = Debug|x64
		Release|Any CPU = Release|Any CPU
		Release|x64 = Release|x64
	EndGlobalSection
	GlobalSection(ProjectConfigurationPlatforms) = postSolution
		{EE55AAD4-FDEA-4315-B768-E7B544BD02D5}.Debug|Any CPU.ActiveCfg = Debug|Any CPU
		{EE55AAD4-FDEA-4315-B768-E7B544BD02D5}.Debug|Any CPU.Build.0 = Debug|Any CPU
		{EE55AAD4-FDEA-4315-B768-E7B544BD02D5}.Debug|x64.ActiveCfg = Debug|x64
		{EE55AAD4-FDEA-4315-B768-E7B544BD02D5}.Debug|x64.Build.0 = Debug|x64
		{EE55AAD4-FDEA-4315-B768-E7B544BD02D5}.Release|Any CPU.ActiveCfg = Release|Any CPU
		{EE55AAD4-FDEA-4315-B768-E7B544BD02D5}.Release|Any CPU.Build.0 = Release|Any CPU
		{EE55AAD4-FDEA-4315-B768-E7B544BD02D5}.Release|x64.ActiveCfg = Release|x64
		{EE55AAD4-FDEA-4315-B768-E7B544BD02D5}.Release|x64.Build.0 = Release|x64
	EndGlobalSection
	GlobalSection(SolutionProperties) = preSolution
		HideSolutionNode = FALSE
	EndGlobalSection
	GlobalSection(ExtensibilityGlobals) = postSolution
		SolutionGuid = {EE1CD136-7DF4-4010-9EF5-19E549FDABB6}
	EndGlobalSection
EndGlobal
